
Microsoft Visual Studio Solution File, Format Version 12.00
# Visual Studio Version 16
VisualStudioVersion = 16.0.31313.79
MinimumVisualStudioVersion = 10.0.40219.1
Project("{9A19103F-16F7-4668-BE54-9A1E7A4F7556}") = "OrderProcessor.Agent", "OrderProcessor.Agent\OrderProcessor.Agent.csproj", "{609D046A-9362-4795-A69B-3FED5E35AFD4}"
EndProject
Project("{FAE04EC0-301F-11D3-BF4B-00C04F79EFBC}") = "OrderProcessor.Supervisor", "OrderProcessor.Supervisor\OrderProcessor.Supervisor.csproj", "{4ECC2F3E-2F32-495E-B852-3867E22F08FD}"
EndProject
Project("{FAE04EC0-301F-11D3-BF4B-00C04F79EFBC}") = "OrderProcessor.Model", "OrderProcessor.Model\OrderProcessor.Model.csproj", "{7F26BF83-D832-4F47-AA9A-433B8A239A48}"
EndProject
Project("{FAE04EC0-301F-11D3-BF4B-00C04F79EFBC}") = "OrderProcessor.Infra", "OrderProcessor.Infra\OrderProcessor.Infra.csproj", "{1931F0BE-F242-40B2-ADF6-9D85205B3BDE}"
EndProject
Project("{2150E333-8FDC-42A3-9474-1A3956D46DE8}") = "Core", "Core", "{4E8E3361-4AF3-441F-8AAC-1AD140E823B0}"
EndProject
Global
	GlobalSection(SolutionConfigurationPlatforms) = preSolution
		Debug|Any CPU = Debug|Any CPU
		Release|Any CPU = Release|Any CPU
	EndGlobalSection
	GlobalSection(ProjectConfigurationPlatforms) = postSolution
		{609D046A-9362-4795-A69B-3FED5E35AFD4}.Debug|Any CPU.ActiveCfg = Debug|Any CPU
		{609D046A-9362-4795-A69B-3FED5E35AFD4}.Debug|Any CPU.Build.0 = Debug|Any CPU
		{609D046A-9362-4795-A69B-3FED5E35AFD4}.Release|Any CPU.ActiveCfg = Release|Any CPU
		{609D046A-9362-4795-A69B-3FED5E35AFD4}.Release|Any CPU.Build.0 = Release|Any CPU
		{4ECC2F3E-2F32-495E-B852-3867E22F08FD}.Debug|Any CPU.ActiveCfg = Debug|Any CPU
		{4ECC2F3E-2F32-495E-B852-3867E22F08FD}.Debug|Any CPU.Build.0 = Debug|Any CPU
		{4ECC2F3E-2F32-495E-B852-3867E22F08FD}.Release|Any CPU.ActiveCfg = Release|Any CPU
		{4ECC2F3E-2F32-495E-B852-3867E22F08FD}.Release|Any CPU.Build.0 = Release|Any CPU
		{7F26BF83-D832-4F47-AA9A-433B8A239A48}.Debug|Any CPU.ActiveCfg = Debug|Any CPU
		{7F26BF83-D832-4F47-AA9A-433B8A239A48}.Debug|Any CPU.Build.0 = Debug|Any CPU
		{7F26BF83-D832-4F47-AA9A-433B8A239A48}.Release|Any CPU.ActiveCfg = Release|Any CPU
		{7F26BF83-D832-4F47-AA9A-433B8A239A48}.Release|Any CPU.Build.0 = Release|Any CPU
		{1931F0BE-F242-40B2-ADF6-9D85205B3BDE}.Debug|Any CPU.ActiveCfg = Debug|Any CPU
		{1931F0BE-F242-40B2-ADF6-9D85205B3BDE}.Debug|Any CPU.Build.0 = Debug|Any CPU
		{1931F0BE-F242-40B2-ADF6-9D85205B3BDE}.Release|Any CPU.ActiveCfg = Release|Any CPU
		{1931F0BE-F242-40B2-ADF6-9D85205B3BDE}.Release|Any CPU.Build.0 = Release|Any CPU
	EndGlobalSection
	GlobalSection(SolutionProperties) = preSolution
		HideSolutionNode = FALSE
	EndGlobalSection
	GlobalSection(ExtensibilityGlobals) = postSolution
		SolutionGuid = {50F7AE1F-DD1F-427B-AECF-1E59D1BC5432}
	EndGlobalSection
EndGlobal
